{
  "version": 4,
  "terraform_version": "1.3.6",
  "serial": 20,
  "lineage": "3d493f9c-7a90-8b1e-e59c-3bc9819619eb",
  "outputs": {},
  "resources": [
    {
      "mode": "data",
      "type": "digitalocean_ssh_key",
      "name": "ssh_key",
      "provider": "provider[\"registry.terraform.io/digitalocean/digitalocean\"]",
      "instances": [
        {
          "schema_version": 0,
          "attributes": {
            "fingerprint": "08:f5:60:b2:d1:03:fb:21:e6:d9:d3:93:73:94:51:7b",
            "id": 37122212,
            "name": "terraform",
            "public_key": "ssh-rsa AAAAB3NzaC1yc2EAAAADAQABAAABgQDVaebxVwenRmVBYp2jIQcUkH0oh+t2qSUbjC8nFwTwxntx6OOu4o4uG2dkT25+pVhXu0RQzQEu4jnp/hEn8cr+yxPxlgENDCnw7GCnJWDPbUKzYq13bXrfi/eEd0uSyf0Ss/YRJjvutYuelR/ey59Aj+8y9gM640cBXtJQqPJdqD6yOrWqb9enju47q8/C4u7gd+fuFmSPfaXcXKiw27JaSI91DfMMc7RzzXYHlmFK+pTwrggQ+8JzMWEBIH1VYWsKmmQ+MgYy9IfucJ73AQzBNi/lR5olngwL1D3mYF+CW5YdleHU8gdRluaw+U1zudtzSIC/EPH6uu6ZNa2NXEaOAkvyGXNkoD/yXs/1caNFBHEOcCFCFCHuLGoWSTKCwXeMSyk+OVoLk2dSu/R686DKFGqGWKKg/GzclnKNQx4h1Q8N4TheBIK/8AAc7dMZ28kTn2Zsb5NOZfTjYtMZRxNuB0FzPYAJet2tDSjtFzec2AYh+4jZtFGhLgaNLvBmJzE= codespace@codespaces-354c22"
          },
          "sensitive_attributes": []
        }
      ]
    },
    {
      "mode": "data",
      "type": "external",
      "name": "droplet_name",
      "provider": "provider[\"registry.terraform.io/hashicorp/external\"]",
      "instances": [
        {
          "schema_version": 0,
          "attributes": {
            "id": "-",
            "program": [
              "python3",
              "./external/name-generator.py"
            ],
            "query": null,
            "result": {
              "name": "web-1671839566"
            },
            "working_dir": null
          },
          "sensitive_attributes": []
        }
      ]
    },
    {
      "mode": "managed",
      "type": "digitalocean_droplet",
      "name": "web",
      "provider": "provider[\"registry.terraform.io/digitalocean/digitalocean\"]",
      "instances": [
        {
          "schema_version": 1,
          "attributes": {
            "backups": false,
            "created_at": "2022-12-23T23:53:11Z",
            "disk": 25,
            "droplet_agent": null,
            "graceful_shutdown": false,
            "id": "332630512",
            "image": "ubuntu-20-04-x64",
            "ipv4_address": "164.90.169.175",
            "ipv4_address_private": "10.114.0.2",
            "ipv6": false,
            "ipv6_address": "",
            "locked": false,
            "memory": 1024,
            "monitoring": false,
            "name": "web-1671839566",
            "price_hourly": 0.00893,
            "price_monthly": 6,
            "private_networking": true,
            "region": "fra1",
            "resize_disk": true,
            "size": "s-1vcpu-1gb",
            "ssh_keys": [
              "37122212"
            ],
            "status": "active",
            "tags": null,
            "timeouts": null,
            "urn": "do:droplet:332630512",
            "user_data": null,
            "vcpus": 1,
            "volume_ids": [],
            "vpc_uuid": "a3120a37-5da0-43a4-b935-250a09fe515f"
          },
          "sensitive_attributes": [],
          "private": "eyJlMmJmYjczMC1lY2FhLTExZTYtOGY4OC0zNDM2M2JjN2M0YzAiOnsiY3JlYXRlIjozNjAwMDAwMDAwMDAwLCJkZWxldGUiOjYwMDAwMDAwMDAwLCJ1cGRhdGUiOjM2MDAwMDAwMDAwMDB9LCJzY2hlbWFfdmVyc2lvbiI6IjEifQ==",
          "dependencies": [
            "data.digitalocean_ssh_key.ssh_key",
            "data.external.droplet_name"
          ]
        }
      ]
    },
    {
      "mode": "managed",
      "type": "digitalocean_record",
      "name": "www",
      "provider": "provider[\"registry.terraform.io/digitalocean/digitalocean\"]",
      "instances": [
        {
          "schema_version": 0,
          "attributes": {
            "domain": "sipodon.com",
            "flags": 0,
            "fqdn": "sipodon.com",
            "id": "356193222",
            "name": "@",
            "port": 0,
            "priority": 0,
            "tag": "",
            "ttl": 1800,
            "type": "A",
            "value": "164.90.169.175",
            "weight": 0
          },
          "sensitive_attributes": [],
          "private": "bnVsbA==",
          "dependencies": [
            "data.digitalocean_ssh_key.ssh_key",
            "data.external.droplet_name",
            "digitalocean_droplet.web"
          ]
        }
      ]
    }
  ],
  "check_results": null
}
