{
  "version": 4,
  "terraform_version": "1.3.6",
  "serial": 36,
  "lineage": "06a1dcbb-3d3c-ea93-0873-8a9c5640a80a",
  "outputs": {},
  "resources": [
    {
      "mode": "data",
      "type": "digitalocean_ssh_key",
      "name": "ssh_key",
      "provider": "provider[\"registry.terraform.io/digitalocean/digitalocean\"]",
      "instances": [
        {
          "schema_version": 0,
          "attributes": {
            "fingerprint": "08:f5:60:b2:d1:03:fb:21:e6:d9:d3:93:73:94:51:7b",
            "id": 37122212,
            "name": "terraform",
            "public_key": "ssh-rsa AAAAB3NzaC1yc2EAAAADAQABAAABgQDVaebxVwenRmVBYp2jIQcUkH0oh+t2qSUbjC8nFwTwxntx6OOu4o4uG2dkT25+pVhXu0RQzQEu4jnp/hEn8cr+yxPxlgENDCnw7GCnJWDPbUKzYq13bXrfi/eEd0uSyf0Ss/YRJjvutYuelR/ey59Aj+8y9gM640cBXtJQqPJdqD6yOrWqb9enju47q8/C4u7gd+fuFmSPfaXcXKiw27JaSI91DfMMc7RzzXYHlmFK+pTwrggQ+8JzMWEBIH1VYWsKmmQ+MgYy9IfucJ73AQzBNi/lR5olngwL1D3mYF+CW5YdleHU8gdRluaw+U1zudtzSIC/EPH6uu6ZNa2NXEaOAkvyGXNkoD/yXs/1caNFBHEOcCFCFCHuLGoWSTKCwXeMSyk+OVoLk2dSu/R686DKFGqGWKKg/GzclnKNQx4h1Q8N4TheBIK/8AAc7dMZ28kTn2Zsb5NOZfTjYtMZRxNuB0FzPYAJet2tDSjtFzec2AYh+4jZtFGhLgaNLvBmJzE= codespace@codespaces-354c22"
          },
          "sensitive_attributes": []
        }
      ]
    },
    {
      "mode": "managed",
      "type": "digitalocean_droplet",
      "name": "sipodon",
      "provider": "provider[\"registry.terraform.io/digitalocean/digitalocean\"]",
      "instances": [
        {
          "schema_version": 1,
          "attributes": {
            "backups": false,
            "created_at": "2022-12-27T00:21:30Z",
            "disk": 25,
            "droplet_agent": null,
            "graceful_shutdown": false,
            "id": "333025504",
            "image": "ubuntu-20-04-x64",
            "ipv4_address": "134.209.32.165",
            "ipv4_address_private": "10.108.0.2",
            "ipv6": false,
            "ipv6_address": "",
            "locked": false,
            "memory": 1024,
            "monitoring": false,
            "name": "sipodon",
            "price_hourly": 0.00893,
            "price_monthly": 6,
            "private_networking": true,
            "region": "nyc3",
            "resize_disk": true,
            "size": "s-1vcpu-1gb",
            "ssh_keys": [
              "37122212"
            ],
            "status": "active",
            "tags": [],
            "timeouts": null,
            "urn": "do:droplet:333025504",
            "user_data": null,
            "vcpus": 1,
            "volume_ids": [],
            "vpc_uuid": "eea42024-450a-4240-9ddd-b4afa45b960e"
          },
          "sensitive_attributes": [],
          "private": "eyJlMmJmYjczMC1lY2FhLTExZTYtOGY4OC0zNDM2M2JjN2M0YzAiOnsiY3JlYXRlIjozNjAwMDAwMDAwMDAwLCJkZWxldGUiOjYwMDAwMDAwMDAwLCJ1cGRhdGUiOjM2MDAwMDAwMDAwMDB9LCJzY2hlbWFfdmVyc2lvbiI6IjEifQ==",
          "dependencies": [
            "data.digitalocean_ssh_key.ssh_key"
          ]
        }
      ]
    },
    {
      "mode": "managed",
      "type": "digitalocean_loadbalancer",
      "name": "public",
      "provider": "provider[\"registry.terraform.io/digitalocean/digitalocean\"]",
      "instances": [
        {
          "schema_version": 1,
          "attributes": {
            "algorithm": "round_robin",
            "disable_lets_encrypt_dns_records": false,
            "droplet_ids": [
              333025504
            ],
            "droplet_tag": "",
            "enable_backend_keepalive": false,
            "enable_proxy_protocol": false,
            "forwarding_rule": [
              {
                "certificate_id": "",
                "certificate_name": "",
                "entry_port": 80,
                "entry_protocol": "http",
                "target_port": 80,
                "target_protocol": "http",
                "tls_passthrough": false
              }
            ],
            "healthcheck": [
              {
                "check_interval_seconds": 10,
                "healthy_threshold": 5,
                "path": "",
                "port": 22,
                "protocol": "tcp",
                "response_timeout_seconds": 5,
                "unhealthy_threshold": 3
              }
            ],
            "http_idle_timeout_seconds": 60,
            "id": "b12c86cf-bf4d-4033-a4ee-04b89da2f834",
            "ip": "165.227.249.54",
            "name": "sipodon-lb-public",
            "project_id": "0df1b0ab-277c-4ab8-b9f6-548e6348f31e",
            "redirect_http_to_https": false,
            "region": "nyc3",
            "size": null,
            "size_unit": 1,
            "status": "active",
            "sticky_sessions": [
              {
                "cookie_name": "",
                "cookie_ttl_seconds": 0,
                "type": "none"
              }
            ],
            "urn": "do:loadbalancer:b12c86cf-bf4d-4033-a4ee-04b89da2f834",
            "vpc_uuid": "eea42024-450a-4240-9ddd-b4afa45b960e"
          },
          "sensitive_attributes": [],
          "private": "eyJzY2hlbWFfdmVyc2lvbiI6IjEifQ==",
          "dependencies": [
            "data.digitalocean_ssh_key.ssh_key",
            "digitalocean_droplet.sipodon"
          ]
        }
      ]
    },
    {
      "mode": "managed",
      "type": "digitalocean_record",
      "name": "sipodon",
      "provider": "provider[\"registry.terraform.io/digitalocean/digitalocean\"]",
      "instances": [
        {
          "schema_version": 0,
          "attributes": {
            "domain": "sipodon.com",
            "flags": 0,
            "fqdn": "sipodon.com",
            "id": "356564267",
            "name": "@",
            "port": 0,
            "priority": 0,
            "tag": "",
            "ttl": 1800,
            "type": "A",
            "value": "134.209.32.165",
            "weight": 0
          },
          "sensitive_attributes": [],
          "private": "bnVsbA==",
          "dependencies": [
            "data.digitalocean_ssh_key.ssh_key",
            "digitalocean_droplet.sipodon"
          ]
        }
      ]
    },
    {
      "mode": "managed",
      "type": "digitalocean_vpc",
      "name": "sipodon",
      "provider": "provider[\"registry.terraform.io/digitalocean/digitalocean\"]",
      "instances": [
        {
          "schema_version": 0,
          "attributes": {
            "created_at": "2022-12-27 00:21:30 +0000 UTC",
            "default": false,
            "description": "",
            "id": "d596d13e-4e9a-44a7-9448-bb14e365b763",
            "ip_range": "10.10.10.0/24",
            "name": "example-project-network",
            "region": "nyc3",
            "timeouts": null,
            "urn": "do:vpc:d596d13e-4e9a-44a7-9448-bb14e365b763"
          },
          "sensitive_attributes": [],
          "private": "eyJlMmJmYjczMC1lY2FhLTExZTYtOGY4OC0zNDM2M2JjN2M0YzAiOnsiZGVsZXRlIjoxMjAwMDAwMDAwMDB9fQ=="
        }
      ]
    }
  ],
  "check_results": null
}
